// !$*UTF8*$!
{
	archiveVersion = 1;
	classes = {
	};
	objectVersion = 46;
	objects = {

/* Begin PBXBuildFile section */
		5AAEC18F08D140EA7B770A5D /* libPods.a in Frameworks */ = {isa = PBXBuildFile; fileRef = E771C80D517CA202872F4583 /* libPods.a */; };
		F72633F31D1261AC003765E6 /* main.m in Sources */ = {isa = PBXBuildFile; fileRef = F72633F21D1261AC003765E6 /* main.m */; };
		F72633F61D1261AC003765E6 /* AppDelegate.m in Sources */ = {isa = PBXBuildFile; fileRef = F72633F51D1261AC003765E6 /* AppDelegate.m */; };
		F72633F91D1261AC003765E6 /* ViewController.m in Sources */ = {isa = PBXBuildFile; fileRef = F72633F81D1261AC003765E6 /* ViewController.m */; };
		F72633FC1D1261AC003765E6 /* Main.storyboard in Resources */ = {isa = PBXBuildFile; fileRef = F72633FA1D1261AC003765E6 /* Main.storyboard */; };
		F72633FE1D1261AC003765E6 /* Assets.xcassets in Resources */ = {isa = PBXBuildFile; fileRef = F72633FD1D1261AC003765E6 /* Assets.xcassets */; };
		F72634011D1261AC003765E6 /* LaunchScreen.storyboard in Resources */ = {isa = PBXBuildFile; fileRef = F72633FF1D1261AC003765E6 /* LaunchScreen.storyboard */; };
		F7B71D8F1D12A1F300C52620 /* GifView.m in Sources */ = {isa = PBXBuildFile; fileRef = F7B71D8E1D12A1F300C52620 /* GifView.m */; };
		F7B71D911D12A32B00C52620 /* run.gif in Resources */ = {isa = PBXBuildFile; fileRef = F7B71D901D12A32B00C52620 /* run.gif */; };
		F7B71DA31D12A45400C52620 /* run－1.png in Resources */ = {isa = PBXBuildFile; fileRef = F7B71D931D12A45400C52620 /* run－1.png */; };
		F7B71DA41D12A45400C52620 /* run－10.png in Resources */ = {isa = PBXBuildFile; fileRef = F7B71D941D12A45400C52620 /* run－10.png */; };
		F7B71DA51D12A45400C52620 /* run－11.png in Resources */ = {isa = PBXBuildFile; fileRef = F7B71D951D12A45400C52620 /* run－11.png */; };
		F7B71DA61D12A45400C52620 /* run－12.png in Resources */ = {isa = PBXBuildFile; fileRef = F7B71D961D12A45400C52620 /* run－12.png */; };
		F7B71DA71D12A45400C52620 /* run－13.png in Resources */ = {isa = PBXBuildFile; fileRef = F7B71D971D12A45400C52620 /* run－13.png */; };
		F7B71DA81D12A45400C52620 /* run－14.png in Resources */ = {isa = PBXBuildFile; fileRef = F7B71D981D12A45400C52620 /* run－14.png */; };
		F7B71DA91D12A45400C52620 /* run－15.png in Resources */ = {isa = PBXBuildFile; fileRef = F7B71D991D12A45400C52620 /* run－15.png */; };
		F7B71DAA1D12A45400C52620 /* run－16.png in Resources */ = {isa = PBXBuildFile; fileRef = F7B71D9A1D12A45400C52620 /* run－16.png */; };
		F7B71DAB1D12A45400C52620 /* run－2.png in Resources */ = {isa = PBXBuildFile; fileRef = F7B71D9B1D12A45400C52620 /* run－2.png */; };
		F7B71DAC1D12A45400C52620 /* run－3.png in Resources */ = {isa = PBXBuildFile; fileRef = F7B71D9C1D12A45400C52620 /* run－3.png */; };
		F7B71DAD1D12A45400C52620 /* run－4.png in Resources */ = {isa = PBXBuildFile; fileRef = F7B71D9D1D12A45400C52620 /* run－4.png */; };
		F7B71DAE1D12A45400C52620 /* run－5.png in Resources */ = {isa = PBXBuildFile; fileRef = F7B71D9E1D12A45400C52620 /* run－5.png */; };
		F7B71DAF1D12A45400C52620 /* run－6.png in Resources */ = {isa = PBXBuildFile; fileRef = F7B71D9F1D12A45400C52620 /* run－6.png */; };
		F7B71DB01D12A45400C52620 /* run－7.png in Resources */ = {isa = PBXBuildFile; fileRef = F7B71DA01D12A45400C52620 /* run－7.png */; };
		F7B71DB11D12A45400C52620 /* run－8.png in Resources */ = {isa = PBXBuildFile; fileRef = F7B71DA11D12A45400C52620 /* run－8.png */; };
		F7B71DB21D12A45400C52620 /* run－9.png in Resources */ = {isa = PBXBuildFile; fileRef = F7B71DA21D12A45400C52620 /* run－9.png */; };
/* End PBXBuildFile section */

/* Begin PBXFileReference section */
		0CDEAECB401F6E417CF1FF28 /* Pods.debug.xcconfig */ = {isa = PBXFileReference; includeInIndex = 1; lastKnownFileType = text.xcconfig; name = Pods.debug.xcconfig; path = "Pods/Target Support Files/Pods/Pods.debug.xcconfig"; sourceTree = "<group>"; };
		E771C80D517CA202872F4583 /* libPods.a */ = {isa = PBXFileReference; explicitFileType = archive.ar; includeInIndex = 0; path = libPods.a; sourceTree = BUILT_PRODUCTS_DIR; };
		EA22CFBAC58EE0EE1D6B77B4 /* Pods.release.xcconfig */ = {isa = PBXFileReference; includeInIndex = 1; lastKnownFileType = text.xcconfig; name = Pods.release.xcconfig; path = "Pods/Target Support Files/Pods/Pods.release.xcconfig"; sourceTree = "<group>"; };
		F72633EE1D1261AC003765E6 /* GifDemo.app */ = {isa = PBXFileReference; explicitFileType = wrapper.application; includeInIndex = 0; path = GifDemo.app; sourceTree = BUILT_PRODUCTS_DIR; };
		F72633F21D1261AC003765E6 /* main.m */ = {isa = PBXFileReference; lastKnownFileType = sourcecode.c.objc; path = main.m; sourceTree = "<group>"; };
		F72633F41D1261AC003765E6 /* AppDelegate.h */ = {isa = PBXFileReference; lastKnownFileType = sourcecode.c.h; path = AppDelegate.h; sourceTree = "<group>"; };
		F72633F51D1261AC003765E6 /* AppDelegate.m */ = {isa = PBXFileReference; lastKnownFileType = sourcecode.c.objc; path = AppDelegate.m; sourceTree = "<group>"; };
		F72633F71D1261AC003765E6 /* ViewController.h */ = {isa = PBXFileReference; lastKnownFileType = sourcecode.c.h; path = ViewController.h; sourceTree = "<group>"; };
		F72633F81D1261AC003765E6 /* ViewController.m */ = {isa = PBXFileReference; lastKnownFileType = sourcecode.c.objc; path = ViewController.m; sourceTree = "<group>"; };
		F72633FB1D1261AC003765E6 /* Base */ = {isa = PBXFileReference; lastKnownFileType = file.storyboard; name = Base; path = Base.lproj/Main.storyboard; sourceTree = "<group>"; };
		F72633FD1D1261AC003765E6 /* Assets.xcassets */ = {isa = PBXFileReference; lastKnownFileType = folder.assetcatalog; path = Assets.xcassets; sourceTree = "<group>"; };
		F72634001D1261AC003765E6 /* Base */ = {isa = PBXFileReference; lastKnownFileType = file.storyboard; name = Base; path = Base.lproj/LaunchScreen.storyboard; sourceTree = "<group>"; };
		F72634021D1261AC003765E6 /* Info.plist */ = {isa = PBXFileReference; lastKnownFileType = text.plist.xml; path = Info.plist; sourceTree = "<group>"; };
		F7B71D8D1D12A1F300C52620 /* GifView.h */ = {isa = PBXFileReference; fileEncoding = 4; lastKnownFileType = sourcecode.c.h; path = GifView.h; sourceTree = "<group>"; };
		F7B71D8E1D12A1F300C52620 /* GifView.m */ = {isa = PBXFileReference; fileEncoding = 4; lastKnownFileType = sourcecode.c.objc; path = GifView.m; sourceTree = "<group>"; };
		F7B71D901D12A32B00C52620 /* run.gif */ = {isa = PBXFileReference; lastKnownFileType = image.gif; path = run.gif; sourceTree = "<group>"; };
		F7B71D931D12A45400C52620 /* run－1.png */ = {isa = PBXFileReference; lastKnownFileType = image.png; path = "run－1.png"; sourceTree = "<group>"; };
		F7B71D941D12A45400C52620 /* run－10.png */ = {isa = PBXFileReference; lastKnownFileType = image.png; path = "run－10.png"; sourceTree = "<group>"; };
		F7B71D951D12A45400C52620 /* run－11.png */ = {isa = PBXFileReference; lastKnownFileType = image.png; path = "run－11.png"; sourceTree = "<group>"; };
		F7B71D961D12A45400C52620 /* run－12.png */ = {isa = PBXFileReference; lastKnownFileType = image.png; path = "run－12.png"; sourceTree = "<group>"; };
		F7B71D971D12A45400C52620 /* run－13.png */ = {isa = PBXFileReference; lastKnownFileType = image.png; path = "run－13.png"; sourceTree = "<group>"; };
		F7B71D981D12A45400C52620 /* run－14.png */ = {isa = PBXFileReference; lastKnownFileType = image.png; path = "run－14.png"; sourceTree = "<group>"; };
		F7B71D991D12A45400C52620 /* run－15.png */ = {isa = PBXFileReference; lastKnownFileType = image.png; path = "run－15.png"; sourceTree = "<group>"; };
		F7B71D9A1D12A45400C52620 /* run－16.png */ = {isa = PBXFileReference; lastKnownFileType = image.png; path = "run－16.png"; sourceTree = "<group>"; };
		F7B71D9B1D12A45400C52620 /* run－2.png */ = {isa = PBXFileReference; lastKnownFileType = image.png; path = "run－2.png"; sourceTree = "<group>"; };
		F7B71D9C1D12A45400C52620 /* run－3.png */ = {isa = PBXFileReference; lastKnownFileType = image.png; path = "run－3.png"; sourceTree = "<group>"; };
		F7B71D9D1D12A45400C52620 /* run－4.png */ = {isa = PBXFileReference; lastKnownFileType = image.png; path = "run－4.png"; sourceTree = "<group>"; };
		F7B71D9E1D12A45400C52620 /* run－5.png */ = {isa = PBXFileReference; lastKnownFileType = image.png; path = "run－5.png"; sourceTree = "<group>"; };
		F7B71D9F1D12A45400C52620 /* run－6.png */ = {isa = PBXFileReference; lastKnownFileType = image.png; path = "run－6.png"; sourceTree = "<group>"; };
		F7B71DA01D12A45400C52620 /* run－7.png */ = {isa = PBXFileReference; lastKnownFileType = image.png; path = "run－7.png"; sourceTree = "<group>"; };
		F7B71DA11D12A45400C52620 /* run－8.png */ = {isa = PBXFileReference; lastKnownFileType = image.png; path = "run－8.png"; sourceTree = "<group>"; };
		F7B71DA21D12A45400C52620 /* run－9.png */ = {isa = PBXFileReference; lastKnownFileType = image.png; path = "run－9.png"; sourceTree = "<group>"; };
/* End PBXFileReference section */

/* Begin PBXFrameworksBuildPhase section */
		F72633EB1D1261AC003765E6 /* Frameworks */ = {
			isa = PBXFrameworksBuildPhase;
			buildActionMask = 2147483647;
			files = (
				5AAEC18F08D140EA7B770A5D /* libPods.a in Frameworks */,
			);
			runOnlyForDeploymentPostprocessing = 0;
		};
/* End PBXFrameworksBuildPhase section */

/* Begin PBXGroup section */
		3D85DF2060318956CF53B0BE /* Pods */ = {
			isa = PBXGroup;
			children = (
				0CDEAECB401F6E417CF1FF28 /* Pods.debug.xcconfig */,
				EA22CFBAC58EE0EE1D6B77B4 /* Pods.release.xcconfig */,
			);
			name = Pods;
			sourceTree = "<group>";
		};
		CCD7E4548C38589D15C23C0A /* Frameworks */ = {
			isa = PBXGroup;
			children = (
				E771C80D517CA202872F4583 /* libPods.a */,
			);
			name = Frameworks;
			sourceTree = "<group>";
		};
		F72633E51D1261AB003765E6 = {
			isa = PBXGroup;
			children = (
				F72633F01D1261AC003765E6 /* GifDemo */,
				F72633EF1D1261AC003765E6 /* Products */,
				3D85DF2060318956CF53B0BE /* Pods */,
				CCD7E4548C38589D15C23C0A /* Frameworks */,
			);
			sourceTree = "<group>";
		};
		F72633EF1D1261AC003765E6 /* Products */ = {
			isa = PBXGroup;
			children = (
				F72633EE1D1261AC003765E6 /* GifDemo.app */,
			);
			name = Products;
			sourceTree = "<group>";
		};
		F72633F01D1261AC003765E6 /* GifDemo */ = {
			isa = PBXGroup;
			children = (
				F72633F41D1261AC003765E6 /* AppDelegate.h */,
				F72633F51D1261AC003765E6 /* AppDelegate.m */,
				F7B71D8D1D12A1F300C52620 /* GifView.h */,
				F7B71D8E1D12A1F300C52620 /* GifView.m */,
				F72633F71D1261AC003765E6 /* ViewController.h */,
				F72633F81D1261AC003765E6 /* ViewController.m */,
				F7B71D901D12A32B00C52620 /* run.gif */,
				F7B71D921D12A45400C52620 /* run */,
				F72633FA1D1261AC003765E6 /* Main.storyboard */,
				F72633FD1D1261AC003765E6 /* Assets.xcassets */,
				F72633FF1D1261AC003765E6 /* LaunchScreen.storyboard */,
				F72634021D1261AC003765E6 /* Info.plist */,
				F72633F11D1261AC003765E6 /* Supporting Files */,
			);
			path = GifDemo;
			sourceTree = "<group>";
		};
		F72633F11D1261AC003765E6 /* Supporting Files */ = {
			isa = PBXGroup;
			children = (
				F72633F21D1261AC003765E6 /* main.m */,
			);
			name = "Supporting Files";
			sourceTree = "<group>";
		};
		F7B71D921D12A45400C52620 /* run */ = {
			isa = PBXGroup;
			children = (
				F7B71D931D12A45400C52620 /* run－1.png */,
				F7B71D941D12A45400C52620 /* run－10.png */,
				F7B71D951D12A45400C52620 /* run－11.png */,
				F7B71D961D12A45400C52620 /* run－12.png */,
				F7B71D971D12A45400C52620 /* run－13.png */,
				F7B71D981D12A45400C52620 /* run－14.png */,
				F7B71D991D12A45400C52620 /* run－15.png */,
				F7B71D9A1D12A45400C52620 /* run－16.png */,
				F7B71D9B1D12A45400C52620 /* run－2.png */,
				F7B71D9C1D12A45400C52620 /* run－3.png */,
				F7B71D9D1D12A45400C52620 /* run－4.png */,
				F7B71D9E1D12A45400C52620 /* run－5.png */,
				F7B71D9F1D12A45400C52620 /* run－6.png */,
				F7B71DA01D12A45400C52620 /* run－7.png */,
				F7B71DA11D12A45400C52620 /* run－8.png */,
				F7B71DA21D12A45400C52620 /* run－9.png */,
			);
			path = run;
			sourceTree = "<group>";
		};
/* End PBXGroup section */

/* Begin PBXNativeTarget section */
		F72633ED1D1261AC003765E6 /* GifDemo */ = {
			isa = PBXNativeTarget;
			buildConfigurationList = F72634051D1261AC003765E6 /* Build configuration list for PBXNativeTarget "GifDemo" */;
			buildPhases = (
				3B7D59B3054F46768392F6DC /* Check Pods Manifest.lock */,
				F72633EA1D1261AC003765E6 /* Sources */,
				F72633EB1D1261AC003765E6 /* Frameworks */,
				F72633EC1D1261AC003765E6 /* Resources */,
				622E0B5C1AA94A9CB8349E54 /* Embed Pods Frameworks */,
				0F30AC304D6F5D0454C74194 /* Copy Pods Resources */,
			);
			buildRules = (
			);
			dependencies = (
			);
			name = GifDemo;
			productName = GifDemo;
			productReference = F72633EE1D1261AC003765E6 /* GifDemo.app */;
			productType = "com.apple.product-type.application";
		};
/* End PBXNativeTarget section */

/* Begin PBXProject section */
		F72633E61D1261AB003765E6 /* Project object */ = {
			isa = PBXProject;
			attributes = {
				LastUpgradeCheck = 0730;
				ORGANIZATIONNAME = chuanglong;
				TargetAttributes = {
					F72633ED1D1261AC003765E6 = {
						CreatedOnToolsVersion = 7.3;
					};
				};
			};
			buildConfigurationList = F72633E91D1261AB003765E6 /* Build configuration list for PBXProject "GifDemo" */;
			compatibilityVersion = "Xcode 3.2";
			developmentRegion = English;
			hasScannedForEncodings = 0;
			knownRegions = (
				en,
				Base,
			);
			mainGroup = F72633E51D1261AB003765E6;
			productRefGroup = F72633EF1D1261AC003765E6 /* Products */;
			projectDirPath = "";
			projectRoot = "";
			targets = (
				F72633ED1D1261AC003765E6 /* GifDemo */,
			);
		};
/* End PBXProject section */

/* Begin PBXResourcesBuildPhase section */
		F72633EC1D1261AC003765E6 /* Resources */ = {
			isa = PBXResourcesBuildPhase;
			buildActionMask = 2147483647;
			files = (
				F7B71DA41D12A45400C52620 /* run－10.png in Resources */,
				F7B71DA51D12A45400C52620 /* run－11.png in Resources */,
				F7B71DA61D12A45400C52620 /* run－12.png in Resources */,
				F7B71DB21D12A45400C52620 /* run－9.png in Resources */,
				F7B71DB01D12A45400C52620 /* run－7.png in Resources */,
				F7B71DAE1D12A45400C52620 /* run－5.png in Resources */,
				F7B71DAF1D12A45400C52620 /* run－6.png in Resources */,
				F7B71DAD1D12A45400C52620 /* run－4.png in Resources */,
				F7B71DA71D12A45400C52620 /* run－13.png in Resources */,
				F7B71D911D12A32B00C52620 /* run.gif in Resources */,
				F7B71DB11D12A45400C52620 /* run－8.png in Resources */,
				F72634011D1261AC003765E6 /* LaunchScreen.storyboard in Resources */,
				F7B71DAA1D12A45400C52620 /* run－16.png in Resources */,
				F7B71DAB1D12A45400C52620 /* run－2.png in Resources */,
				F7B71DA81D12A45400C52620 /* run－14.png in Resources */,
				F7B71DAC1D12A45400C52620 /* run－3.png in Resources */,
				F72633FE1D1261AC003765E6 /* Assets.xcassets in Resources */,
				F72633FC1D1261AC003765E6 /* Main.storyboard in Resources */,
				F7B71DA91D12A45400C52620 /* run－15.png in Resources */,
				F7B71DA31D12A45400C52620 /* run－1.png in Resources */,
			);
			runOnlyForDeploymentPostprocessing = 0;
		};
/* End PBXResourcesBuildPhase section */

/* Begin PBXShellScriptBuildPhase section */
		0F30AC304D6F5D0454C74194 /* Copy Pods Resources */ = {
			isa = PBXShellScriptBuildPhase;
			buildActionMask = 2147483647;
			files = (
			);
			inputPaths = (
			);
			name = "Copy Pods Resources";
			outputPaths = (
			);
			runOnlyForDeploymentPostprocessing = 0;
			shellPath = /bin/sh;
			shellScript = "\"${SRCROOT}/Pods/Target Support Files/Pods/Pods-resources.sh\"\n";
			showEnvVarsInLog = 0;
		};
		3B7D59B3054F46768392F6DC /* Check Pods Manifest.lock */ = {
			isa = PBXShellScriptBuildPhase;
			buildActionMask = 2147483647;
			files = (
			);
			inputPaths = (
			);
			name = "Check Pods Manifest.lock";
			outputPaths = (
			);
			runOnlyForDeploymentPostprocessing = 0;
			shellPath = /bin/sh;
			shellScript = "";
			showEnvVarsInLog = 0;
		};
		622E0B5C1AA94A9CB8349E54 /* Embed Pods Frameworks */ = {
			isa = PBXShellScriptBuildPhase;
			buildActionMask = 2147483647;
			files = (
			);
			inputPaths = (
			);
			name = "Embed Pods Frameworks";
			outputPaths = (
			);
			runOnlyForDeploymentPostprocessing = 0;
			shellPath = /bin/sh;
			shellScript = "\"${SRCROOT}/Pods/Target Support Files/Pods/Pods-frameworks.sh\"\n";
			showEnvVarsInLog = 0;
		};
/* End PBXShellScriptBuildPhase section */

/* Begin PBXSourcesBuildPhase section */
		F72633EA1D1261AC003765E6 /* Sources */ = {
			isa = PBXSourcesBuildPhase;
			buildActionMask = 2147483647;
			files = (
				F72633F91D1261AC003765E6 /* ViewController.m in Sources */,
				F7B71D8F1D12A1F300C52620 /* GifView.m in Sources */,
				F72633F61D1261AC003765E6 /* AppDelegate.m in Sources */,
				F72633F31D1261AC003765E6 /* main.m in Sources */,
			);
			runOnlyForDeploymentPostprocessing = 0;
		};
/* End PBXSourcesBuildPhase section */

/* Begin PBXVariantGroup section */
		F72633FA1D1261AC003765E6 /* Main.storyboard */ = {
			isa = PBXVariantGroup;
			children = (
				F72633FB1D1261AC003765E6 /* Base */,
			);
			name = Main.storyboard;
			sourceTree = "<group>";
		};
		F72633FF1D1261AC003765E6 /* LaunchScreen.storyboard */ = {
			isa = PBXVariantGroup;
			children = (
				F72634001D1261AC003765E6 /* Base */,
			);
			name = LaunchScreen.storyboard;
			sourceTree = "<group>";
		};
/* End PBXVariantGroup section */

/* Begin XCBuildConfiguration section */
		F72634031D1261AC003765E6 /* Debug */ = {
			isa = XCBuildConfiguration;
			buildSettings = {
				ALWAYS_SEARCH_USER_PATHS = NO;
				CLANG_ANALYZER_NONNULL = YES;
				CLANG_CXX_LANGUAGE_STANDARD = "gnu++0x";
				CLANG_CXX_LIBRARY = "libc++";
				CLANG_ENABLE_MODULES = YES;
				CLANG_ENABLE_OBJC_ARC = YES;
				CLANG_WARN_BOOL_CONVERSION = YES;
				CLANG_WARN_CONSTANT_CONVERSION = YES;
				CLANG_WARN_DIRECT_OBJC_ISA_USAGE = YES_ERROR;
				CLANG_WARN_EMPTY_BODY = YES;
				CLANG_WARN_ENUM_CONVERSION = YES;
				CLANG_WARN_INT_CONVERSION = YES;
				CLANG_WARN_OBJC_ROOT_CLASS = YES_ERROR;
				CLANG_WARN_UNREACHABLE_CODE = YES;
				CLANG_WARN__DUPLICATE_METHOD_MATCH = YES;
				"CODE_SIGN_IDENTITY[sdk=iphoneos*]" = "iPhone Developer";
				COPY_PHASE_STRIP = NO;
				DEBUG_INFORMATION_FORMAT = dwarf;
				ENABLE_STRICT_OBJC_MSGSEND = YES;
				ENABLE_TESTABILITY = YES;
				GCC_C_LANGUAGE_STANDARD = gnu99;
				GCC_DYNAMIC_NO_PIC = NO;
				GCC_NO_COMMON_BLOCKS = YES;
				GCC_OPTIMIZATION_LEVEL = 0;
				GCC_PREPROCESSOR_DEFINITIONS = (
					"DEBUG=1",
					"$(inherited)",
				);
				GCC_WARN_64_TO_32_BIT_CONVERSION = YES;
				GCC_WARN_ABOUT_RETURN_TYPE = YES_ERROR;
				GCC_WARN_UNDECLARED_SELECTOR = YES;
				GCC_WARN_UNINITIALIZED_AUTOS = YES_AGGRESSIVE;
				GCC_WARN_UNUSED_FUNCTION = YES;
				GCC_WARN_UNUSED_VARIABLE = YES;
				IPHONEOS_DEPLOYMENT_TARGET = 9.3;
				MTL_ENABLE_DEBUG_INFO = YES;
				ONLY_ACTIVE_ARCH = YES;
				SDKROOT = iphoneos;
			};
			name = Debug;
		};
		F72634041D1261AC003765E6 /* Release */ = {
			isa = XCBuildConfiguration;
			buildSettings = {
				ALWAYS_SEARCH_USER_PATHS = NO;
				CLANG_ANALYZER_NONNULL = YES;
				CLANG_CXX_LANGUAGE_STANDARD = "gnu++0x";
				CLANG_CXX_LIBRARY = "libc++";
				CLANG_ENABLE_MODULES = YES;
				CLANG_ENABLE_OBJC_ARC = YES;
				CLANG_WARN_BOOL_CONVERSION = YES;
				CLANG_WARN_CONSTANT_CONVERSION = YES;
				CLANG_WARN_DIRECT_OBJC_ISA_USAGE = YES_ERROR;
				CLANG_WARN_EMPTY_BODY = YES;
				CLANG_WARN_ENUM_CONVERSION = YES;
				CLANG_WARN_INT_CONVERSION = YES;
				CLANG_WARN_OBJC_ROOT_CLASS = YES_ERROR;
				CLANG_WARN_UNREACHABLE_CODE = YES;
				CLANG_WARN__DUPLICATE_METHOD_MATCH = YES;
				"CODE_SIGN_IDENTITY[sdk=iphoneos*]" = "iPhone Developer";
				COPY_PHASE_STRIP = NO;
				DEBUG_INFORMATION_FORMAT = "dwarf-with-dsym";
				ENABLE_NS_ASSERTIONS = NO;
				ENABLE_STRICT_OBJC_MSGSEND = YES;
				GCC_C_LANGUAGE_STANDARD = gnu99;
				GCC_NO_COMMON_BLOCKS = YES;
				GCC_WARN_64_TO_32_BIT_CONVERSION = YES;
				GCC_WARN_ABOUT_RETURN_TYPE = YES_ERROR;
				GCC_WARN_UNDECLARED_SELECTOR = YES;
				GCC_WARN_UNINITIALIZED_AUTOS = YES_AGGRESSIVE;
				GCC_WARN_UNUSED_FUNCTION = YES;
				GCC_WARN_UNUSED_VARIABLE = YES;
				IPHONEOS_DEPLOYMENT_TARGET = 9.3;
				MTL_ENABLE_DEBUG_INFO = NO;
				SDKROOT = iphoneos;
				VALIDATE_PRODUCT = YES;
			};
			name = Release;
		};
		F72634061D1261AC003765E6 /* Debug */ = {
			isa = XCBuildConfiguration;
			baseConfigurationReference = 0CDEAECB401F6E417CF1FF28 /* Pods.debug.xcconfig */;
			buildSettings = {
				ASSETCATALOG_COMPILER_APPICON_NAME = AppIcon;
				INFOPLIST_FILE = GifDemo/Info.plist;
				IPHONEOS_DEPLOYMENT_TARGET = 9.0;
				LD_RUNPATH_SEARCH_PATHS = "$(inherited) @executable_path/Frameworks";
				PRODUCT_BUNDLE_IDENTIFIER = com.chuanglong.GifDemo;
				PRODUCT_NAME = "$(TARGET_NAME)";
			};
			name = Debug;
		};
		F72634071D1261AC003765E6 /* Release */ = {
			isa = XCBuildConfiguration;
			baseConfigurationReference = EA22CFBAC58EE0EE1D6B77B4 /* Pods.release.xcconfig */;
			buildSettings = {
				ASSETCATALOG_COMPILER_APPICON_NAME = AppIcon;
				INFOPLIST_FILE = GifDemo/Info.plist;
				IPHONEOS_DEPLOYMENT_TARGET = 9.0;
				LD_RUNPATH_SEARCH_PATHS = "$(inherited) @executable_path/Frameworks";
				PRODUCT_BUNDLE_IDENTIFIER = com.chuanglong.GifDemo;
				PRODUCT_NAME = "$(TARGET_NAME)";
			};
			name = Release;
		};
/* End XCBuildConfiguration section */

/* Begin XCConfigurationList section */
		F72633E91D1261AB003765E6 /* Build configuration list for PBXProject "GifDemo" */ = {
			isa = XCConfigurationList;
			buildConfigurations = (
				F72634031D1261AC003765E6 /* Debug */,
				F72634041D1261AC003765E6 /* Release */,
			);
			defaultConfigurationIsVisible = 0;
			defaultConfigurationName = Release;
		};
		F72634051D1261AC003765E6 /* Build configuration list for PBXNativeTarget "GifDemo" */ = {
			isa = XCConfigurationList;
			buildConfigurations = (
				F72634061D1261AC003765E6 /* Debug */,
				F72634071D1261AC003765E6 /* Release */,
			);
			defaultConfigurationIsVisible = 0;
			defaultConfigurationName = Release;
		};
/* End XCConfigurationList section */
	};
	rootObject = F72633E61D1261AB003765E6 /* Project object */;
}
